<Solution>
  <Project Path="ScratchShield.Android/ScratchShield.Android.csproj">
    <Deploy />
  </Project>
  <Project Path="ScratchShield.Browser/ScratchShield.Browser.csproj" />
  <Project Path="ScratchShield.Desktop/ScratchShield.Desktop.csproj" />
  <Project Path="ScratchShield.iOS/ScratchShield.iOS.csproj">
    <Deploy />
  </Project>
  <Project Path="ScratchShield/ScratchShield.csproj" />
</Solution>
